{
  "name": "multitab-browser",
  "version": "0.0.1",
  "lockfileVersion": 3,
  "requires": true,
  "packages": {
    "": {
      "name": "multitab-browser",
      "version": "0.0.1",
      "dependencies": {
        "electrobun": "file:../"
      }
    },
    "..": {},
    "node_modules/electrobun": {
      "resolved": "..",
      "link": true
    }
  }
}
