{
  "name": "electrobun",
  "version": "0.0.1",
  "lockfileVersion": 3,
  "requires": true,
  "packages": {
    "": {
      "name": "electrobun",
      "version": "0.0.1",
      "license": "MIT",
      "bin": {
        "bsdiff": "src/bsdiff/zig-out/bin/bsdiff",
        "electrobun": "src/cli/build/electrobun"
      },
      "devDependencies": {
        "@types/bun": "^1.0.8",
        "bun": "1.0.26"
      }
    },
    "node_modules/@oven/bun-darwin-aarch64": {
      "version": "1.0.26",
      "resolved": "https://registry.npmjs.org/@oven/bun-darwin-aarch64/-/bun-darwin-aarch64-1.0.26.tgz",
      "integrity": "sha512-7FgUZz2EpMgFdEI9sA68bnHhrnrDBmCwcewpm6641HK0x2RIO1EcFl/7GKSGsD1JmbNfGqxYU16Sc+rgKFtXAg==",
      "cpu": [
        "arm64"
      ],
      "dev": true,
      "optional": true,
      "os": [
        "darwin"
      ]
    },
    "node_modules/@oven/bun-darwin-x64": {
      "version": "1.0.26",
      "resolved": "https://registry.npmjs.org/@oven/bun-darwin-x64/-/bun-darwin-x64-1.0.26.tgz",
      "integrity": "sha512-kWO6ThQEMm4OPfqlhFlWrDRiIFtaUl//bRJfomOHE4BABaP9bdgHjDsaxt0pUWiKP9j9YnPFXtMw91iUbTbCWg==",
      "cpu": [
        "x64"
      ],
      "dev": true,
      "optional": true,
      "os": [
        "darwin"
      ]
    },
    "node_modules/@oven/bun-darwin-x64-baseline": {
      "version": "1.0.26",
      "resolved": "https://registry.npmjs.org/@oven/bun-darwin-x64-baseline/-/bun-darwin-x64-baseline-1.0.26.tgz",
      "integrity": "sha512-ssVJJs6tAvVZKnCx5bXAXZ05nSbfLHJ4qD/XFlVYb+3aue81YhXzQpbsOr9DShv209rBp9756SqHs9KZH66cbQ==",
      "cpu": [
        "x64"
      ],
      "dev": true,
      "optional": true,
      "os": [
        "darwin"
      ]
    },
    "node_modules/@oven/bun-linux-aarch64": {
      "version": "1.0.26",
      "resolved": "https://registry.npmjs.org/@oven/bun-linux-aarch64/-/bun-linux-aarch64-1.0.26.tgz",
      "integrity": "sha512-YSG6pOFMpXquGf3i4/Ta05NAlsSkiZVk5P5EAlfO1fnJANlkcu1QfD/IYvddQ5YY4aOTwlQFqA29pYxYj+2A/A==",
      "cpu": [
        "arm64"
      ],
      "dev": true,
      "optional": true,
      "os": [
        "linux"
      ]
    },
    "node_modules/@oven/bun-linux-x64": {
      "version": "1.0.26",
      "resolved": "https://registry.npmjs.org/@oven/bun-linux-x64/-/bun-linux-x64-1.0.26.tgz",
      "integrity": "sha512-ErEH7yBkWIt01qROMysM6ZQqz8epY+2DtQW0rfjKbaPm8JuEdZVyeA5zoKES3e2J37FUY073MdbwdzE5KPX2cQ==",
      "cpu": [
        "x64"
      ],
      "dev": true,
      "optional": true,
      "os": [
        "linux"
      ]
    },
    "node_modules/@oven/bun-linux-x64-baseline": {
      "version": "1.0.26",
      "resolved": "https://registry.npmjs.org/@oven/bun-linux-x64-baseline/-/bun-linux-x64-baseline-1.0.26.tgz",
      "integrity": "sha512-1EjD6t6BFkspGqTRqYGVSQw5eIktDsappweG+1yh/QpmhV95/vDKKoPGXCwoyeSoJIjJMl9VaApX8Fr1vpnUfA==",
      "cpu": [
        "x64"
      ],
      "dev": true,
      "optional": true,
      "os": [
        "linux"
      ]
    },
    "node_modules/@types/bun": {
      "version": "1.0.8",
      "dev": true,
      "license": "MIT",
      "dependencies": {
        "bun-types": "1.0.29"
      }
    },
    "node_modules/@types/node": {
      "version": "20.11.24",
      "dev": true,
      "license": "MIT",
      "dependencies": {
        "undici-types": "~5.26.4"
      }
    },
    "node_modules/@types/ws": {
      "version": "8.5.10",
      "dev": true,
      "license": "MIT",
      "dependencies": {
        "@types/node": "*"
      }
    },
    "node_modules/bun": {
      "version": "1.0.26",
      "resolved": "https://registry.npmjs.org/bun/-/bun-1.0.26.tgz",
      "integrity": "sha512-+aSzKvGLE9hWwCRDwvnhoMTDntCYEk5bKn16L0QGD0v630WJMPhazAMxaSJmfq6dSAtiqPpauPpmHbzwoGPjlQ==",
      "cpu": [
        "arm64",
        "x64"
      ],
      "dev": true,
      "hasInstallScript": true,
      "os": [
        "darwin",
        "linux"
      ],
      "bin": {
        "bun": "bin/bun",
        "bunx": "bin/bun"
      },
      "optionalDependencies": {
        "@oven/bun-darwin-aarch64": "1.0.26",
        "@oven/bun-darwin-x64": "1.0.26",
        "@oven/bun-darwin-x64-baseline": "1.0.26",
        "@oven/bun-linux-aarch64": "1.0.26",
        "@oven/bun-linux-x64": "1.0.26",
        "@oven/bun-linux-x64-baseline": "1.0.26"
      }
    },
    "node_modules/bun-types": {
      "version": "1.0.29",
      "dev": true,
      "license": "MIT",
      "dependencies": {
        "@types/node": "~20.11.3",
        "@types/ws": "~8.5.10"
      }
    },
    "node_modules/undici-types": {
      "version": "5.26.5",
      "dev": true,
      "license": "MIT"
    }
  }
}
