{
	"name": "kitchen",
	"lockfileVersion": 3,
	"requires": true,
	"packages": {
		"": {
			"dependencies": {
				"electrobun": "file:../package"
			},
			"devDependencies": {
				"typescript": "^5.9.3"
			}
		},
		"../package": {
			"name": "electrobun",
			"version": "1.16.0",
			"license": "MIT",
			"dependencies": {
				"@babylonjs/core": "^7.45.0",
				"@types/bun": "^1.3.8",
				"png-to-ico": "^2.1.8",
				"proxy-agent": "^6.5.0",
				"rcedit": "^4.0.1",
				"three": "^0.165.0"
			},
			"bin": {
				"electrobun": "bin/electrobun.cjs"
			},
			"devDependencies": {
				"typescript": "^5.9.3"
			}
		},
		"node_modules/electrobun": {
			"resolved": "../package",
			"link": true
		},
		"node_modules/typescript": {
			"version": "5.9.3",
			"resolved": "https://registry.npmjs.org/typescript/-/typescript-5.9.3.tgz",
			"integrity": "sha512-jl1vZzPDinLr9eUt3J/t7V6FgNEw9QjvBPdysz9KfQDD41fQrC2Y4vKQdiaUpFT4bXlb1RHhLpp8wtm6M5TgSw==",
			"dev": true,
			"license": "Apache-2.0",
			"bin": {
				"tsc": "bin/tsc",
				"tsserver": "bin/tsserver"
			},
			"engines": {
				"node": ">=14.17"
			}
		}
	}
}
