{
  "lockfileVersion": 1,
  "configVersion": 1,
  "workspaces": {
    "": {
      "name": "electrobun-sqlite-crud",
      "devDependencies": {
        "@types/bun": "latest",
        "typescript": "^5.7.2",
      },
    },
  },
  "packages": {
    "@types/bun": ["@types/bun@1.4.0", "https://registry.npmjs.org/@types/bun/-/bun-1.4.0.tgz", {"dependencies": {"bun-types": "1.4.0"}}, "sha512-K+lZULY23vRgK/CfTjFIV+tyifaNdSMlPh9j+6mQ/cLfpOznLyAuzgV/JQysyECpkBQLVMSyvjlr2fBUSA9wFQ=="],

    "@types/node": ["@types/node@26.2.0", "https://registry.npmjs.org/@types/node/-/node-26.2.0.tgz", {"dependencies": {"undici-types": "~8.3.0"}}, "sha512-5IviulTZeRNp2vAJ514cc/HUlY5nZ9fCbq9DMyC52BrhFZACo3nI0R7qBxhQmo/d27NFe96ur/b7Wwxklda+kg=="],

    "bun-types": ["bun-types@1.4.0", "https://registry.npmjs.org/bun-types/-/bun-types-1.4.0.tgz", {"dependencies": {"@types/node": "*"}}, "sha512-iIKw23BspnQQYd3prITOBxeUsxBHnwzX6YJfGMuNOZzeNcMmVqzIIVGRm1l69ogaPQmb4wB6BN8mA5bE9YuC5Q=="],

    "typescript": ["typescript@5.9.3", "https://registry.npmjs.org/typescript/-/typescript-5.9.3.tgz", {"bin": {"tsc": "bin/tsc", "tsserver": "bin/tsserver"}}, "sha512-jl1vZzPDinLr9eUt3J/t7V6FgNEw9QjvBPdysz9KfQDD41fQrC2Y4vKQdiaUpFT4bXlb1RHhLpp8wtm6M5TgSw=="],

    "undici-types": ["undici-types@8.3.0", "https://registry.npmjs.org/undici-types/-/undici-types-8.3.0.tgz", {}, "sha512-j375ScV60dom+YkPFIfTLcOiPxkN/buHz5GobjLhixFuANaNs3C9l4GmrWqejgXWJ7BbJcFYpTEUkS1Ge8bpZQ=="],
  }
}
