{
	"name": "electrobun-webgpu-babylon",
	"version": "1.0.0",
	"lockfileVersion": 3,
	"requires": true,
	"packages": {
		"": {
			"name": "electrobun-webgpu-babylon",
			"version": "1.0.0",
			"dependencies": {
				"@babylonjs/core": "^7.45.0"
			},
			"devDependencies": {
				"@types/bun": "latest",
				"typescript": "^5.7.2"
			}
		},
		"node_modules/@babylonjs/core": {
			"version": "7.54.3",
			"resolved": "https://registry.npmjs.org/@babylonjs/core/-/core-7.54.3.tgz",
			"integrity": "sha512-P5ncXVd8GEUJLhwloP9V0oVwQYIrvZztguVeLlvd5Rx+9aQnenKjpV8auJ6SRsUlAmNZU4pFTKzwF6o2EUfhAw==",
			"license": "Apache-2.0"
		},
		"node_modules/@types/bun": {
			"version": "1.3.14",
			"resolved": "https://registry.npmjs.org/@types/bun/-/bun-1.3.14.tgz",
			"integrity": "sha512-h1hFqFVcvAvD9j9K7ZW7vd82aSA+rTdznZa+5bwvCwqSB1jmmfLcbIWhOLx1/+boy/xmjgCs/OMUL8hRJSmnPw==",
			"dev": true,
			"license": "MIT",
			"dependencies": {
				"bun-types": "1.3.14"
			}
		},
		"node_modules/@types/node": {
			"version": "26.2.0",
			"resolved": "https://registry.npmjs.org/@types/node/-/node-26.2.0.tgz",
			"integrity": "sha512-5IviulTZeRNp2vAJ514cc/HUlY5nZ9fCbq9DMyC52BrhFZACo3nI0R7qBxhQmo/d27NFe96ur/b7Wwxklda+kg==",
			"dev": true,
			"license": "MIT",
			"dependencies": {
				"undici-types": "~8.3.0"
			}
		},
		"node_modules/bun-types": {
			"version": "1.3.14",
			"resolved": "https://registry.npmjs.org/bun-types/-/bun-types-1.3.14.tgz",
			"integrity": "sha512-4N0ig0fEomHt5R0KCFWjovxow98rIoRwKolrYdCcknNwMekCXRnWEUvgu5soYV8QXtVsrUD8B95MBOZGPvr6KQ==",
			"dev": true,
			"license": "MIT",
			"dependencies": {
				"@types/node": "*"
			}
		},
		"node_modules/typescript": {
			"version": "5.9.3",
			"resolved": "https://registry.npmjs.org/typescript/-/typescript-5.9.3.tgz",
			"integrity": "sha512-jl1vZzPDinLr9eUt3J/t7V6FgNEw9QjvBPdysz9KfQDD41fQrC2Y4vKQdiaUpFT4bXlb1RHhLpp8wtm6M5TgSw==",
			"dev": true,
			"license": "Apache-2.0",
			"bin": {
				"tsc": "bin/tsc",
				"tsserver": "bin/tsserver"
			},
			"engines": {
				"node": ">=14.17"
			}
		},
		"node_modules/undici-types": {
			"version": "8.3.0",
			"resolved": "https://registry.npmjs.org/undici-types/-/undici-types-8.3.0.tgz",
			"integrity": "sha512-j375ScV60dom+YkPFIfTLcOiPxkN/buHz5GobjLhixFuANaNs3C9l4GmrWqejgXWJ7BbJcFYpTEUkS1Ge8bpZQ==",
			"dev": true,
			"license": "MIT"
		}
	}
}
