{
  "name": "electrobun-cli",
  "lockfileVersion": 3,
  "requires": true,
  "packages": {
    "": {
      "name": "electrobun-cli",
      "dependencies": {
        "@oneidentity/zstd-js": "^1.0.3",
        "bsdiff-wasm": "^0.1.4",
        "node-tar": "^1.0.0"
      },
      "devDependencies": {
        "@types/bun": "latest"
      },
      "peerDependencies": {
        "typescript": "^5.0.0"
      }
    },
    "node_modules/@oneidentity/zstd-js": {
      "version": "1.0.3",
      "license": "SEE LICENSE IN LICENSE",
      "dependencies": {
        "@types/emscripten": "^1.39.4"
      }
    },
    "node_modules/@types/bun": {
      "version": "1.0.10",
      "resolved": "https://registry.npmjs.org/@types/bun/-/bun-1.0.10.tgz",
      "integrity": "sha512-Jaz6YYAdm1u3NVlgSyEK+qGmrlLQ20sbWeEoXD64b9w6z/YKYNWlfaphu+xF2Kiy5Tpykm5Q9jIquLegwXx4ng==",
      "dev": true,
      "dependencies": {
        "bun-types": "1.0.33"
      }
    },
    "node_modules/@types/emscripten": {
      "version": "1.39.10",
      "license": "MIT"
    },
    "node_modules/@types/node": {
      "version": "20.11.30",
      "dev": true,
      "license": "MIT",
      "dependencies": {
        "undici-types": "~5.26.4"
      }
    },
    "node_modules/@types/ws": {
      "version": "8.5.10",
      "dev": true,
      "license": "MIT",
      "dependencies": {
        "@types/node": "*"
      }
    },
    "node_modules/bsdiff-wasm": {
      "version": "0.1.4",
      "license": "MIT"
    },
    "node_modules/bun-types": {
      "version": "1.0.33",
      "dev": true,
      "license": "MIT",
      "dependencies": {
        "@types/node": "~20.11.3",
        "@types/ws": "~8.5.10"
      }
    },
    "node_modules/node-tar": {
      "version": "1.0.0",
      "resolved": "https://registry.npmjs.org/node-tar/-/node-tar-1.0.0.tgz",
      "integrity": "sha512-cowng5lugLQ3Bb5wWYfWM3067/S9xHDwCw3RWbqn0swqmgApDwklyg31XRci97cT7gNbVHmxoXQSkr2zDi5n+g==",
      "deprecated": "please use 'tar'"
    },
    "node_modules/typescript": {
      "version": "5.4.3",
      "license": "Apache-2.0",
      "peer": true,
      "bin": {
        "tsc": "bin/tsc",
        "tsserver": "bin/tsserver"
      },
      "engines": {
        "node": ">=14.17"
      }
    },
    "node_modules/undici-types": {
      "version": "5.26.5",
      "dev": true,
      "license": "MIT"
    }
  }
}
