{
    "name": "playground",
    "lockfileVersion": 3,
    "requires": true,
    "packages": {
        "": {
            "dependencies": {
                "electrobun": "file:../"
            }
        },
        "..": {
            "version": "0.0.14",
            "license": "MIT",
            "dependencies": {
                "@oneidentity/zstd-js": "^1.0.3",
                "rpc-anywhere": "1.5.0",
                "tar": "^6.2.1"
            },
            "bin": {
                "electrobun": "dist/electrobun"
            },
            "devDependencies": {
                "@types/bun": "1.1.9",
                "bun": "1.1.29"
            }
        },
        "node_modules/electrobun": {
            "resolved": "..",
            "link": true
        }
    }
}
